
Microsoft Visual Studio Solution File, Format Version 12.00
# Visual Studio Version 17
VisualStudioVersion = 17.6.33723.286
MinimumVisualStudioVersion = 10.0.40219.1
Project("{FAE04EC0-301F-11D3-BF4B-00C04F79EFBC}") = "ObrianAI", "ObrianAI.csproj", "{722F137C-D503-4130-AA3A-E87A4B47C804}"
EndProject
Global
	GlobalSection(SolutionConfigurationPlatforms) = preSolution
		Debug|Any CPU = Debug|Any CPU
		Release|Any CPU = Release|Any CPU
	EndGlobalSection
	GlobalSection(ProjectConfigurationPlatforms) = postSolution
		{722F137C-D503-4130-AA3A-E87A4B47C804}.Debug|Any CPU.ActiveCfg = Debug|Any CPU
		{722F137C-D503-4130-AA3A-E87A4B47C804}.Debug|Any CPU.Build.0 = Debug|Any CPU
		{722F137C-D503-4130-AA3A-E87A4B47C804}.Release|Any CPU.ActiveCfg = Release|Any CPU
		{722F137C-D503-4130-AA3A-E87A4B47C804}.Release|Any CPU.Build.0 = Release|Any CPU
	EndGlobalSection
	GlobalSection(SolutionProperties) = preSolution
		HideSolutionNode = FALSE
	EndGlobalSection
	GlobalSection(ExtensibilityGlobals) = postSolution
		SolutionGuid = {940D1417-CACF-4DC1-A2CE-C3018EF86CB0}
	EndGlobalSection
EndGlobal
